
Microsoft Visual Studio Solution File, Format Version 12.00
# Visual Studio Version 17
VisualStudioVersion = 17.4.33122.133
MinimumVisualStudioVersion = 10.0.40219.1
Project("{8BC9CEB8-8B4A-11D0-8D11-00A0C91BC942}") = "Uebung_7", "Uebung_7.vcxproj", "{F3C02FD5-25D9-49AA-B954-2C8ABAC5998F}"
EndProject
Project("{8BC9CEB8-8B4A-11D0-8D11-00A0C91BC942}") = "Uebung_9", "..\Uebung_9\Uebung_9.vcxproj", "{4001FBA0-58AE-454A-AB91-442726DE73FD}"
EndProject
Project("{8BC9CEB8-8B4A-11D0-8D11-00A0C91BC942}") = "Uebnung_9.8", "..\Uebnung_9.8\Uebnung_9.8.vcxproj", "{E80AE06E-05BC-48AF-A887-58C688B006A2}"
EndProject
Project("{8BC9CEB8-8B4A-11D0-8D11-00A0C91BC942}") = "Uebung_9.9", "..\Uebung_9.9\Uebung_9.9.vcxproj", "{5E3D71AF-953B-437F-89D5-58CD9FAC1C3A}"
EndProject
Project("{8BC9CEB8-8B4A-11D0-8D11-00A0C91BC942}") = "Uebungsblatt_10.1", "..\Uebungsblatt_10.1\Uebungsblatt_10.1.vcxproj", "{71BE79FE-9024-41A3-82FA-8B73735D854B}"
EndProject
Project("{8BC9CEB8-8B4A-11D0-8D11-00A0C91BC942}") = "Uebung_10.2", "..\Uebung_10.2\Uebung_10.2.vcxproj", "{0BFBBAC0-B7A1-4613-B37D-4A17605E8C37}"
EndProject
Project("{8BC9CEB8-8B4A-11D0-8D11-00A0C91BC942}") = "Uebung_10.3", "..\Uebung_10.3\Uebung_10.3.vcxproj", "{2DFC85DA-C4AD-43AD-AA3E-A9D57774F7DB}"
EndProject
Project("{8BC9CEB8-8B4A-11D0-8D11-00A0C91BC942}") = "Uebung_10.4", "..\Uebung_10.4\Uebung_10.4.vcxproj", "{34DA2D03-A99F-40A0-BC2D-FEB9DBE976FB}"
EndProject
Project("{8BC9CEB8-8B4A-11D0-8D11-00A0C91BC942}") = "Uebung_10.5", "..\Uebung_10.5\Uebung_10.5.vcxproj", "{1F31D36C-ACE2-410B-953D-6A52DBC8FEDB}"
EndProject
Project("{8BC9CEB8-8B4A-11D0-8D11-00A0C91BC942}") = "Uebung_10.6", "..\Uebung_10.6\Uebung_10.6.vcxproj", "{9158B03B-CD4B-4525-AF68-BAAC8D2FF10C}"
EndProject
Project("{8BC9CEB8-8B4A-11D0-8D11-00A0C91BC942}") = "Uebung_10.7", "..\Uebung_10.7\Uebung_10.7.vcxproj", "{68A1E688-BCAC-4E3B-AF73-76174CEBA740}"
EndProject
Project("{8BC9CEB8-8B4A-11D0-8D11-00A0C91BC942}") = "Uebung_10.8", "..\Uebung_10.8\Uebung_10.8.vcxproj", "{0F0305D1-3899-46ED-ACEB-78A64228AB66}"
EndProject
Project("{8BC9CEB8-8B4A-11D0-8D11-00A0C91BC942}") = "Uebung_10.9", "..\Uebung_10.9\Uebung_10.9.vcxproj", "{2E98FF4B-590C-4577-9984-5AC9CA3CBF60}"
EndProject
Project("{8BC9CEB8-8B4A-11D0-8D11-00A0C91BC942}") = "Uebung_9.10", "..\Uebung_9.10\Uebung_9.10.vcxproj", "{42D14239-5BAD-4D00-9F11-6111D679C209}"
EndProject
Project("{8BC9CEB8-8B4A-11D0-8D11-00A0C91BC942}") = "Uebung_9.11", "..\Uebung_9.11\Uebung_9.11.vcxproj", "{7F99C260-F48A-428E-A69D-B43F57CC4E46}"
EndProject
Project("{8BC9CEB8-8B4A-11D0-8D11-00A0C91BC942}") = "Uebung_9.12", "..\Uebung_9.12\Uebung_9.12.vcxproj", "{407E0189-D011-450D-BDC5-0C27F35A2BF7}"
EndProject
Project("{8BC9CEB8-8B4A-11D0-8D11-00A0C91BC942}") = "Uebung_9.13", "..\Uebung_9.13\Uebung_9.13.vcxproj", "{ECB05C6D-03BB-4AB2-BC6C-ECCE3FCAE923}"
EndProject
Global
	GlobalSection(SolutionConfigurationPlatforms) = preSolution
		Debug|x64 = Debug|x64
		Debug|x86 = Debug|x86
		Release|x64 = Release|x64
		Release|x86 = Release|x86
	EndGlobalSection
	GlobalSection(ProjectConfigurationPlatforms) = postSolution
		{F3C02FD5-25D9-49AA-B954-2C8ABAC5998F}.Debug|x64.ActiveCfg = Debug|x64
		{F3C02FD5-25D9-49AA-B954-2C8ABAC5998F}.Debug|x64.Build.0 = Debug|x64
		{F3C02FD5-25D9-49AA-B954-2C8ABAC5998F}.Debug|x86.ActiveCfg = Debug|Win32
		{F3C02FD5-25D9-49AA-B954-2C8ABAC5998F}.Debug|x86.Build.0 = Debug|Win32
		{F3C02FD5-25D9-49AA-B954-2C8ABAC5998F}.Release|x64.ActiveCfg = Release|x64
		{F3C02FD5-25D9-49AA-B954-2C8ABAC5998F}.Release|x64.Build.0 = Release|x64
		{F3C02FD5-25D9-49AA-B954-2C8ABAC5998F}.Release|x86.ActiveCfg = Release|Win32
		{F3C02FD5-25D9-49AA-B954-2C8ABAC5998F}.Release|x86.Build.0 = Release|Win32
		{4001FBA0-58AE-454A-AB91-442726DE73FD}.Debug|x64.ActiveCfg = Debug|x64
		{4001FBA0-58AE-454A-AB91-442726DE73FD}.Debug|x64.Build.0 = Debug|x64
		{4001FBA0-58AE-454A-AB91-442726DE73FD}.Debug|x86.ActiveCfg = Debug|Win32
		{4001FBA0-58AE-454A-AB91-442726DE73FD}.Debug|x86.Build.0 = Debug|Win32
		{4001FBA0-58AE-454A-AB91-442726DE73FD}.Release|x64.ActiveCfg = Release|x64
		{4001FBA0-58AE-454A-AB91-442726DE73FD}.Release|x64.Build.0 = Release|x64
		{4001FBA0-58AE-454A-AB91-442726DE73FD}.Release|x86.ActiveCfg = Release|Win32
		{4001FBA0-58AE-454A-AB91-442726DE73FD}.Release|x86.Build.0 = Release|Win32
		{E80AE06E-05BC-48AF-A887-58C688B006A2}.Debug|x64.ActiveCfg = Debug|x64
		{E80AE06E-05BC-48AF-A887-58C688B006A2}.Debug|x64.Build.0 = Debug|x64
		{E80AE06E-05BC-48AF-A887-58C688B006A2}.Debug|x86.ActiveCfg = Debug|Win32
		{E80AE06E-05BC-48AF-A887-58C688B006A2}.Debug|x86.Build.0 = Debug|Win32
		{E80AE06E-05BC-48AF-A887-58C688B006A2}.Release|x64.ActiveCfg = Release|x64
		{E80AE06E-05BC-48AF-A887-58C688B006A2}.Release|x64.Build.0 = Release|x64
		{E80AE06E-05BC-48AF-A887-58C688B006A2}.Release|x86.ActiveCfg = Release|Win32
		{E80AE06E-05BC-48AF-A887-58C688B006A2}.Release|x86.Build.0 = Release|Win32
		{5E3D71AF-953B-437F-89D5-58CD9FAC1C3A}.Debug|x64.ActiveCfg = Debug|x64
		{5E3D71AF-953B-437F-89D5-58CD9FAC1C3A}.Debug|x64.Build.0 = Debug|x64
		{5E3D71AF-953B-437F-89D5-58CD9FAC1C3A}.Debug|x86.ActiveCfg = Debug|Win32
		{5E3D71AF-953B-437F-89D5-58CD9FAC1C3A}.Debug|x86.Build.0 = Debug|Win32
		{5E3D71AF-953B-437F-89D5-58CD9FAC1C3A}.Release|x64.ActiveCfg = Release|x64
		{5E3D71AF-953B-437F-89D5-58CD9FAC1C3A}.Release|x64.Build.0 = Release|x64
		{5E3D71AF-953B-437F-89D5-58CD9FAC1C3A}.Release|x86.ActiveCfg = Release|Win32
		{5E3D71AF-953B-437F-89D5-58CD9FAC1C3A}.Release|x86.Build.0 = Release|Win32
		{71BE79FE-9024-41A3-82FA-8B73735D854B}.Debug|x64.ActiveCfg = Debug|x64
		{71BE79FE-9024-41A3-82FA-8B73735D854B}.Debug|x64.Build.0 = Debug|x64
		{71BE79FE-9024-41A3-82FA-8B73735D854B}.Debug|x86.ActiveCfg = Debug|Win32
		{71BE79FE-9024-41A3-82FA-8B73735D854B}.Debug|x86.Build.0 = Debug|Win32
		{71BE79FE-9024-41A3-82FA-8B73735D854B}.Release|x64.ActiveCfg = Release|x64
		{71BE79FE-9024-41A3-82FA-8B73735D854B}.Release|x64.Build.0 = Release|x64
		{71BE79FE-9024-41A3-82FA-8B73735D854B}.Release|x86.ActiveCfg = Release|Win32
		{71BE79FE-9024-41A3-82FA-8B73735D854B}.Release|x86.Build.0 = Release|Win32
		{0BFBBAC0-B7A1-4613-B37D-4A17605E8C37}.Debug|x64.ActiveCfg = Debug|x64
		{0BFBBAC0-B7A1-4613-B37D-4A17605E8C37}.Debug|x64.Build.0 = Debug|x64
		{0BFBBAC0-B7A1-4613-B37D-4A17605E8C37}.Debug|x86.ActiveCfg = Debug|Win32
		{0BFBBAC0-B7A1-4613-B37D-4A17605E8C37}.Debug|x86.Build.0 = Debug|Win32
		{0BFBBAC0-B7A1-4613-B37D-4A17605E8C37}.Release|x64.ActiveCfg = Release|x64
		{0BFBBAC0-B7A1-4613-B37D-4A17605E8C37}.Release|x64.Build.0 = Release|x64
		{0BFBBAC0-B7A1-4613-B37D-4A17605E8C37}.Release|x86.ActiveCfg = Release|Win32
		{0BFBBAC0-B7A1-4613-B37D-4A17605E8C37}.Release|x86.Build.0 = Release|Win32
		{2DFC85DA-C4AD-43AD-AA3E-A9D57774F7DB}.Debug|x64.ActiveCfg = Debug|x64
		{2DFC85DA-C4AD-43AD-AA3E-A9D57774F7DB}.Debug|x64.Build.0 = Debug|x64
		{2DFC85DA-C4AD-43AD-AA3E-A9D57774F7DB}.Debug|x86.ActiveCfg = Debug|Win32
		{2DFC85DA-C4AD-43AD-AA3E-A9D57774F7DB}.Debug|x86.Build.0 = Debug|Win32
		{2DFC85DA-C4AD-43AD-AA3E-A9D57774F7DB}.Release|x64.ActiveCfg = Release|x64
		{2DFC85DA-C4AD-43AD-AA3E-A9D57774F7DB}.Release|x64.Build.0 = Release|x64
		{2DFC85DA-C4AD-43AD-AA3E-A9D57774F7DB}.Release|x86.ActiveCfg = Release|Win32
		{2DFC85DA-C4AD-43AD-AA3E-A9D57774F7DB}.Release|x86.Build.0 = Release|Win32
		{34DA2D03-A99F-40A0-BC2D-FEB9DBE976FB}.Debug|x64.ActiveCfg = Debug|x64
		{34DA2D03-A99F-40A0-BC2D-FEB9DBE976FB}.Debug|x64.Build.0 = Debug|x64
		{34DA2D03-A99F-40A0-BC2D-FEB9DBE976FB}.Debug|x86.ActiveCfg = Debug|Win32
		{34DA2D03-A99F-40A0-BC2D-FEB9DBE976FB}.Debug|x86.Build.0 = Debug|Win32
		{34DA2D03-A99F-40A0-BC2D-FEB9DBE976FB}.Release|x64.ActiveCfg = Release|x64
		{34DA2D03-A99F-40A0-BC2D-FEB9DBE976FB}.Release|x64.Build.0 = Release|x64
		{34DA2D03-A99F-40A0-BC2D-FEB9DBE976FB}.Release|x86.ActiveCfg = Release|Win32
		{34DA2D03-A99F-40A0-BC2D-FEB9DBE976FB}.Release|x86.Build.0 = Release|Win32
		{1F31D36C-ACE2-410B-953D-6A52DBC8FEDB}.Debug|x64.ActiveCfg = Debug|x64
		{1F31D36C-ACE2-410B-953D-6A52DBC8FEDB}.Debug|x64.Build.0 = Debug|x64
		{1F31D36C-ACE2-410B-953D-6A52DBC8FEDB}.Debug|x86.ActiveCfg = Debug|Win32
		{1F31D36C-ACE2-410B-953D-6A52DBC8FEDB}.Debug|x86.Build.0 = Debug|Win32
		{1F31D36C-ACE2-410B-953D-6A52DBC8FEDB}.Release|x64.ActiveCfg = Release|x64
		{1F31D36C-ACE2-410B-953D-6A52DBC8FEDB}.Release|x64.Build.0 = Release|x64
		{1F31D36C-ACE2-410B-953D-6A52DBC8FEDB}.Release|x86.ActiveCfg = Release|Win32
		{1F31D36C-ACE2-410B-953D-6A52DBC8FEDB}.Release|x86.Build.0 = Release|Win32
		{9158B03B-CD4B-4525-AF68-BAAC8D2FF10C}.Debug|x64.ActiveCfg = Debug|x64
		{9158B03B-CD4B-4525-AF68-BAAC8D2FF10C}.Debug|x64.Build.0 = Debug|x64
		{9158B03B-CD4B-4525-AF68-BAAC8D2FF10C}.Debug|x86.ActiveCfg = Debug|Win32
		{9158B03B-CD4B-4525-AF68-BAAC8D2FF10C}.Debug|x86.Build.0 = Debug|Win32
		{9158B03B-CD4B-4525-AF68-BAAC8D2FF10C}.Release|x64.ActiveCfg = Release|x64
		{9158B03B-CD4B-4525-AF68-BAAC8D2FF10C}.Release|x64.Build.0 = Release|x64
		{9158B03B-CD4B-4525-AF68-BAAC8D2FF10C}.Release|x86.ActiveCfg = Release|Win32
		{9158B03B-CD4B-4525-AF68-BAAC8D2FF10C}.Release|x86.Build.0 = Release|Win32
		{68A1E688-BCAC-4E3B-AF73-76174CEBA740}.Debug|x64.ActiveCfg = Debug|x64
		{68A1E688-BCAC-4E3B-AF73-76174CEBA740}.Debug|x64.Build.0 = Debug|x64
		{68A1E688-BCAC-4E3B-AF73-76174CEBA740}.Debug|x86.ActiveCfg = Debug|Win32
		{68A1E688-BCAC-4E3B-AF73-76174CEBA740}.Debug|x86.Build.0 = Debug|Win32
		{68A1E688-BCAC-4E3B-AF73-76174CEBA740}.Release|x64.ActiveCfg = Release|x64
		{68A1E688-BCAC-4E3B-AF73-76174CEBA740}.Release|x64.Build.0 = Release|x64
		{68A1E688-BCAC-4E3B-AF73-76174CEBA740}.Release|x86.ActiveCfg = Release|Win32
		{68A1E688-BCAC-4E3B-AF73-76174CEBA740}.Release|x86.Build.0 = Release|Win32
		{0F0305D1-3899-46ED-ACEB-78A64228AB66}.Debug|x64.ActiveCfg = Debug|x64
		{0F0305D1-3899-46ED-ACEB-78A64228AB66}.Debug|x64.Build.0 = Debug|x64
		{0F0305D1-3899-46ED-ACEB-78A64228AB66}.Debug|x86.ActiveCfg = Debug|Win32
		{0F0305D1-3899-46ED-ACEB-78A64228AB66}.Debug|x86.Build.0 = Debug|Win32
		{0F0305D1-3899-46ED-ACEB-78A64228AB66}.Release|x64.ActiveCfg = Release|x64
		{0F0305D1-3899-46ED-ACEB-78A64228AB66}.Release|x64.Build.0 = Release|x64
		{0F0305D1-3899-46ED-ACEB-78A64228AB66}.Release|x86.ActiveCfg = Release|Win32
		{0F0305D1-3899-46ED-ACEB-78A64228AB66}.Release|x86.Build.0 = Release|Win32
		{2E98FF4B-590C-4577-9984-5AC9CA3CBF60}.Debug|x64.ActiveCfg = Debug|x64
		{2E98FF4B-590C-4577-9984-5AC9CA3CBF60}.Debug|x64.Build.0 = Debug|x64
		{2E98FF4B-590C-4577-9984-5AC9CA3CBF60}.Debug|x86.ActiveCfg = Debug|Win32
		{2E98FF4B-590C-4577-9984-5AC9CA3CBF60}.Debug|x86.Build.0 = Debug|Win32
		{2E98FF4B-590C-4577-9984-5AC9CA3CBF60}.Release|x64.ActiveCfg = Release|x64
		{2E98FF4B-590C-4577-9984-5AC9CA3CBF60}.Release|x64.Build.0 = Release|x64
		{2E98FF4B-590C-4577-9984-5AC9CA3CBF60}.Release|x86.ActiveCfg = Release|Win32
		{2E98FF4B-590C-4577-9984-5AC9CA3CBF60}.Release|x86.Build.0 = Release|Win32
		{42D14239-5BAD-4D00-9F11-6111D679C209}.Debug|x64.ActiveCfg = Debug|x64
		{42D14239-5BAD-4D00-9F11-6111D679C209}.Debug|x64.Build.0 = Debug|x64
		{42D14239-5BAD-4D00-9F11-6111D679C209}.Debug|x86.ActiveCfg = Debug|Win32
		{42D14239-5BAD-4D00-9F11-6111D679C209}.Debug|x86.Build.0 = Debug|Win32
		{42D14239-5BAD-4D00-9F11-6111D679C209}.Release|x64.ActiveCfg = Release|x64
		{42D14239-5BAD-4D00-9F11-6111D679C209}.Release|x64.Build.0 = Release|x64
		{42D14239-5BAD-4D00-9F11-6111D679C209}.Release|x86.ActiveCfg = Release|Win32
		{42D14239-5BAD-4D00-9F11-6111D679C209}.Release|x86.Build.0 = Release|Win32
		{7F99C260-F48A-428E-A69D-B43F57CC4E46}.Debug|x64.ActiveCfg = Debug|x64
		{7F99C260-F48A-428E-A69D-B43F57CC4E46}.Debug|x64.Build.0 = Debug|x64
		{7F99C260-F48A-428E-A69D-B43F57CC4E46}.Debug|x86.ActiveCfg = Debug|Win32
		{7F99C260-F48A-428E-A69D-B43F57CC4E46}.Debug|x86.Build.0 = Debug|Win32
		{7F99C260-F48A-428E-A69D-B43F57CC4E46}.Release|x64.ActiveCfg = Release|x64
		{7F99C260-F48A-428E-A69D-B43F57CC4E46}.Release|x64.Build.0 = Release|x64
		{7F99C260-F48A-428E-A69D-B43F57CC4E46}.Release|x86.ActiveCfg = Release|Win32
		{7F99C260-F48A-428E-A69D-B43F57CC4E46}.Release|x86.Build.0 = Release|Win32
		{407E0189-D011-450D-BDC5-0C27F35A2BF7}.Debug|x64.ActiveCfg = Debug|x64
		{407E0189-D011-450D-BDC5-0C27F35A2BF7}.Debug|x64.Build.0 = Debug|x64
		{407E0189-D011-450D-BDC5-0C27F35A2BF7}.Debug|x86.ActiveCfg = Debug|Win32
		{407E0189-D011-450D-BDC5-0C27F35A2BF7}.Debug|x86.Build.0 = Debug|Win32
		{407E0189-D011-450D-BDC5-0C27F35A2BF7}.Release|x64.ActiveCfg = Release|x64
		{407E0189-D011-450D-BDC5-0C27F35A2BF7}.Release|x64.Build.0 = Release|x64
		{407E0189-D011-450D-BDC5-0C27F35A2BF7}.Release|x86.ActiveCfg = Release|Win32
		{407E0189-D011-450D-BDC5-0C27F35A2BF7}.Release|x86.Build.0 = Release|Win32
		{ECB05C6D-03BB-4AB2-BC6C-ECCE3FCAE923}.Debug|x64.ActiveCfg = Debug|x64
		{ECB05C6D-03BB-4AB2-BC6C-ECCE3FCAE923}.Debug|x64.Build.0 = Debug|x64
		{ECB05C6D-03BB-4AB2-BC6C-ECCE3FCAE923}.Debug|x86.ActiveCfg = Debug|Win32
		{ECB05C6D-03BB-4AB2-BC6C-ECCE3FCAE923}.Debug|x86.Build.0 = Debug|Win32
		{ECB05C6D-03BB-4AB2-BC6C-ECCE3FCAE923}.Release|x64.ActiveCfg = Release|x64
		{ECB05C6D-03BB-4AB2-BC6C-ECCE3FCAE923}.Release|x64.Build.0 = Release|x64
		{ECB05C6D-03BB-4AB2-BC6C-ECCE3FCAE923}.Release|x86.ActiveCfg = Release|Win32
		{ECB05C6D-03BB-4AB2-BC6C-ECCE3FCAE923}.Release|x86.Build.0 = Release|Win32
	EndGlobalSection
	GlobalSection(SolutionProperties) = preSolution
		HideSolutionNode = FALSE
	EndGlobalSection
	GlobalSection(ExtensibilityGlobals) = postSolution
		SolutionGuid = {E1B4DCC7-9477-459C-AAE1-AB67286F41DE}
	EndGlobalSection
EndGlobal
